// !$*UTF8*$!
{
	archiveVersion = 1;
	classes = {
	};
	objectVersion = 46;
	objects = {

/* Begin PBXBuildFile section */
		E66D55881830DBF70006CCC8 /* Foundation.framework in Frameworks */ = {isa = PBXBuildFile; fileRef = E66D55871830DBF70006CCC8 /* Foundation.framework */; };
		E66D558A1830DBF70006CCC8 /* CoreGraphics.framework in Frameworks */ = {isa = PBXBuildFile; fileRef = E66D55891830DBF70006CCC8 /* CoreGraphics.framework */; };
		E66D558C1830DBF70006CCC8 /* UIKit.framework in Frameworks */ = {isa = PBXBuildFile; fileRef = E66D558B1830DBF70006CCC8 /* UIKit.framework */; };
		E66D55921830DBF70006CCC8 /* InfoPlist.strings in Resources */ = {isa = PBXBuildFile; fileRef = E66D55901830DBF70006CCC8 /* InfoPlist.strings */; };
		E66D55941830DBF70006CCC8 /* main.m in Sources */ = {isa = PBXBuildFile; fileRef = E66D55931830DBF70006CCC8 /* main.m */; };
		E66D55981830DBF70006CCC8 /* MOBAppDelegate.m in Sources */ = {isa = PBXBuildFile; fileRef = E66D55971830DBF70006CCC8 /* MOBAppDelegate.m */; };
		E66D559B1830DBF70006CCC8 /* Main_iPhone.storyboard in Resources */ = {isa = PBXBuildFile; fileRef = E66D55991830DBF70006CCC8 /* Main_iPhone.storyboard */; };
		E66D55A11830DBF70006CCC8 /* MOBViewController.m in Sources */ = {isa = PBXBuildFile; fileRef = E66D55A01830DBF70006CCC8 /* MOBViewController.m */; };
		E66D55A31830DBF70006CCC8 /* Images.xcassets in Resources */ = {isa = PBXBuildFile; fileRef = E66D55A21830DBF70006CCC8 /* Images.xcassets */; };
		E66D55AA1830DBF70006CCC8 /* XCTest.framework in Frameworks */ = {isa = PBXBuildFile; fileRef = E66D55A91830DBF70006CCC8 /* XCTest.framework */; };
		E66D55AB1830DBF70006CCC8 /* Foundation.framework in Frameworks */ = {isa = PBXBuildFile; fileRef = E66D55871830DBF70006CCC8 /* Foundation.framework */; };
		E66D55AC1830DBF70006CCC8 /* UIKit.framework in Frameworks */ = {isa = PBXBuildFile; fileRef = E66D558B1830DBF70006CCC8 /* UIKit.framework */; };
		E66D55B41830DBF70006CCC8 /* InfoPlist.strings in Resources */ = {isa = PBXBuildFile; fileRef = E66D55B21830DBF70006CCC8 /* InfoPlist.strings */; };
		E66D55B61830DBF70006CCC8 /* MOBAdvancedDynamicsDemoTests.m in Sources */ = {isa = PBXBuildFile; fileRef = E66D55B51830DBF70006CCC8 /* MOBAdvancedDynamicsDemoTests.m */; };
		E66D55C11830DE720006CCC8 /* MOBBouncyExpandViewController.m in Sources */ = {isa = PBXBuildFile; fileRef = E66D55C01830DE720006CCC8 /* MOBBouncyExpandViewController.m */; };
		E66D55CB1830F0450006CCC8 /* MOBFallingItem.m in Sources */ = {isa = PBXBuildFile; fileRef = E66D55CA1830F0450006CCC8 /* MOBFallingItem.m */; };
/* End PBXBuildFile section */

/* Begin PBXContainerItemProxy section */
		E66D55AD1830DBF70006CCC8 /* PBXContainerItemProxy */ = {
			isa = PBXContainerItemProxy;
			containerPortal = E66D557C1830DBF70006CCC8 /* Project object */;
			proxyType = 1;
			remoteGlobalIDString = E66D55831830DBF70006CCC8;
			remoteInfo = MOBAdvancedDynamicsDemo;
		};
/* End PBXContainerItemProxy section */

/* Begin PBXFileReference section */
		E66D55841830DBF70006CCC8 /* MOBAdvancedDynamicsDemo.app */ = {isa = PBXFileReference; explicitFileType = wrapper.application; includeInIndex = 0; path = MOBAdvancedDynamicsDemo.app; sourceTree = BUILT_PRODUCTS_DIR; };
		E66D55871830DBF70006CCC8 /* Foundation.framework */ = {isa = PBXFileReference; lastKnownFileType = wrapper.framework; name = Foundation.framework; path = System/Library/Frameworks/Foundation.framework; sourceTree = SDKROOT; };
		E66D55891830DBF70006CCC8 /* CoreGraphics.framework */ = {isa = PBXFileReference; lastKnownFileType = wrapper.framework; name = CoreGraphics.framework; path = System/Library/Frameworks/CoreGraphics.framework; sourceTree = SDKROOT; };
		E66D558B1830DBF70006CCC8 /* UIKit.framework */ = {isa = PBXFileReference; lastKnownFileType = wrapper.framework; name = UIKit.framework; path = System/Library/Frameworks/UIKit.framework; sourceTree = SDKROOT; };
		E66D558F1830DBF70006CCC8 /* MOBAdvancedDynamicsDemo-Info.plist */ = {isa = PBXFileReference; lastKnownFileType = text.plist.xml; path = "MOBAdvancedDynamicsDemo-Info.plist"; sourceTree = "<group>"; };
		E66D55911830DBF70006CCC8 /* en */ = {isa = PBXFileReference; lastKnownFileType = text.plist.strings; name = en; path = en.lproj/InfoPlist.strings; sourceTree = "<group>"; };
		E66D55931830DBF70006CCC8 /* main.m */ = {isa = PBXFileReference; lastKnownFileType = sourcecode.c.objc; path = main.m; sourceTree = "<group>"; };
		E66D55951830DBF70006CCC8 /* MOBAdvancedDynamicsDemo-Prefix.pch */ = {isa = PBXFileReference; lastKnownFileType = sourcecode.c.h; path = "MOBAdvancedDynamicsDemo-Prefix.pch"; sourceTree = "<group>"; };
		E66D55961830DBF70006CCC8 /* MOBAppDelegate.h */ = {isa = PBXFileReference; lastKnownFileType = sourcecode.c.h; path = MOBAppDelegate.h; sourceTree = "<group>"; };
		E66D55971830DBF70006CCC8 /* MOBAppDelegate.m */ = {isa = PBXFileReference; lastKnownFileType = sourcecode.c.objc; path = MOBAppDelegate.m; sourceTree = "<group>"; };
		E66D559A1830DBF70006CCC8 /* Base */ = {isa = PBXFileReference; lastKnownFileType = file.storyboard; name = Base; path = Base.lproj/Main_iPhone.storyboard; sourceTree = "<group>"; };
		E66D559F1830DBF70006CCC8 /* MOBViewController.h */ = {isa = PBXFileReference; lastKnownFileType = sourcecode.c.h; path = MOBViewController.h; sourceTree = "<group>"; };
		E66D55A01830DBF70006CCC8 /* MOBViewController.m */ = {isa = PBXFileReference; lastKnownFileType = sourcecode.c.objc; path = MOBViewController.m; sourceTree = "<group>"; };
		E66D55A21830DBF70006CCC8 /* Images.xcassets */ = {isa = PBXFileReference; lastKnownFileType = folder.assetcatalog; path = Images.xcassets; sourceTree = "<group>"; };
		E66D55A81830DBF70006CCC8 /* MOBAdvancedDynamicsDemoTests.xctest */ = {isa = PBXFileReference; explicitFileType = wrapper.cfbundle; includeInIndex = 0; path = MOBAdvancedDynamicsDemoTests.xctest; sourceTree = BUILT_PRODUCTS_DIR; };
		E66D55A91830DBF70006CCC8 /* XCTest.framework */ = {isa = PBXFileReference; lastKnownFileType = wrapper.framework; name = XCTest.framework; path = Library/Frameworks/XCTest.framework; sourceTree = DEVELOPER_DIR; };
		E66D55B11830DBF70006CCC8 /* MOBAdvancedDynamicsDemoTests-Info.plist */ = {isa = PBXFileReference; lastKnownFileType = text.plist.xml; path = "MOBAdvancedDynamicsDemoTests-Info.plist"; sourceTree = "<group>"; };
		E66D55B31830DBF70006CCC8 /* en */ = {isa = PBXFileReference; lastKnownFileType = text.plist.strings; name = en; path = en.lproj/InfoPlist.strings; sourceTree = "<group>"; };
		E66D55B51830DBF70006CCC8 /* MOBAdvancedDynamicsDemoTests.m */ = {isa = PBXFileReference; lastKnownFileType = sourcecode.c.objc; path = MOBAdvancedDynamicsDemoTests.m; sourceTree = "<group>"; };
		E66D55BF1830DE720006CCC8 /* MOBBouncyExpandViewController.h */ = {isa = PBXFileReference; fileEncoding = 4; lastKnownFileType = sourcecode.c.h; path = MOBBouncyExpandViewController.h; sourceTree = "<group>"; };
		E66D55C01830DE720006CCC8 /* MOBBouncyExpandViewController.m */ = {isa = PBXFileReference; fileEncoding = 4; lastKnownFileType = sourcecode.c.objc; path = MOBBouncyExpandViewController.m; sourceTree = "<group>"; };
		E66D55C91830F0450006CCC8 /* MOBFallingItem.h */ = {isa = PBXFileReference; fileEncoding = 4; lastKnownFileType = sourcecode.c.h; name = MOBFallingItem.h; path = Behaviours/MOBFallingItem.h; sourceTree = "<group>"; };
		E66D55CA1830F0450006CCC8 /* MOBFallingItem.m */ = {isa = PBXFileReference; fileEncoding = 4; lastKnownFileType = sourcecode.c.objc; name = MOBFallingItem.m; path = Behaviours/MOBFallingItem.m; sourceTree = "<group>"; };
/* End PBXFileReference section */

/* Begin PBXFrameworksBuildPhase section */
		E66D55811830DBF70006CCC8 /* Frameworks */ = {
			isa = PBXFrameworksBuildPhase;
			buildActionMask = 2147483647;
			files = (
				E66D558A1830DBF70006CCC8 /* CoreGraphics.framework in Frameworks */,
				E66D558C1830DBF70006CCC8 /* UIKit.framework in Frameworks */,
				E66D55881830DBF70006CCC8 /* Foundation.framework in Frameworks */,
			);
			runOnlyForDeploymentPostprocessing = 0;
		};
		E66D55A51830DBF70006CCC8 /* Frameworks */ = {
			isa = PBXFrameworksBuildPhase;
			buildActionMask = 2147483647;
			files = (
				E66D55AA1830DBF70006CCC8 /* XCTest.framework in Frameworks */,
				E66D55AC1830DBF70006CCC8 /* UIKit.framework in Frameworks */,
				E66D55AB1830DBF70006CCC8 /* Foundation.framework in Frameworks */,
			);
			runOnlyForDeploymentPostprocessing = 0;
		};
/* End PBXFrameworksBuildPhase section */

/* Begin PBXGroup section */
		E66D557B1830DBF70006CCC8 = {
			isa = PBXGroup;
			children = (
				E66D558D1830DBF70006CCC8 /* MOBAdvancedDynamicsDemo */,
				E66D55AF1830DBF70006CCC8 /* MOBAdvancedDynamicsDemoTests */,
				E66D55861830DBF70006CCC8 /* Frameworks */,
				E66D55851830DBF70006CCC8 /* Products */,
			);
			sourceTree = "<group>";
		};
		E66D55851830DBF70006CCC8 /* Products */ = {
			isa = PBXGroup;
			children = (
				E66D55841830DBF70006CCC8 /* MOBAdvancedDynamicsDemo.app */,
				E66D55A81830DBF70006CCC8 /* MOBAdvancedDynamicsDemoTests.xctest */,
			);
			name = Products;
			sourceTree = "<group>";
		};
		E66D55861830DBF70006CCC8 /* Frameworks */ = {
			isa = PBXGroup;
			children = (
				E66D55871830DBF70006CCC8 /* Foundation.framework */,
				E66D55891830DBF70006CCC8 /* CoreGraphics.framework */,
				E66D558B1830DBF70006CCC8 /* UIKit.framework */,
				E66D55A91830DBF70006CCC8 /* XCTest.framework */,
			);
			name = Frameworks;
			sourceTree = "<group>";
		};
		E66D558D1830DBF70006CCC8 /* MOBAdvancedDynamicsDemo */ = {
			isa = PBXGroup;
			children = (
				E66D55961830DBF70006CCC8 /* MOBAppDelegate.h */,
				E66D55971830DBF70006CCC8 /* MOBAppDelegate.m */,
				E66D55991830DBF70006CCC8 /* Main_iPhone.storyboard */,
				E66D559F1830DBF70006CCC8 /* MOBViewController.h */,
				E66D55A01830DBF70006CCC8 /* MOBViewController.m */,
				E66D55A21830DBF70006CCC8 /* Images.xcassets */,
				E66D558E1830DBF70006CCC8 /* Supporting Files */,
				E66D55BF1830DE720006CCC8 /* MOBBouncyExpandViewController.h */,
				E66D55C01830DE720006CCC8 /* MOBBouncyExpandViewController.m */,
				E66D55C91830F0450006CCC8 /* MOBFallingItem.h */,
				E66D55CA1830F0450006CCC8 /* MOBFallingItem.m */,
			);
			path = MOBAdvancedDynamicsDemo;
			sourceTree = "<group>";
		};
		E66D558E1830DBF70006CCC8 /* Supporting Files */ = {
			isa = PBXGroup;
			children = (
				E66D558F1830DBF70006CCC8 /* MOBAdvancedDynamicsDemo-Info.plist */,
				E66D55901830DBF70006CCC8 /* InfoPlist.strings */,
				E66D55931830DBF70006CCC8 /* main.m */,
				E66D55951830DBF70006CCC8 /* MOBAdvancedDynamicsDemo-Prefix.pch */,
			);
			name = "Supporting Files";
			sourceTree = "<group>";
		};
		E66D55AF1830DBF70006CCC8 /* MOBAdvancedDynamicsDemoTests */ = {
			isa = PBXGroup;
			children = (
				E66D55B51830DBF70006CCC8 /* MOBAdvancedDynamicsDemoTests.m */,
				E66D55B01830DBF70006CCC8 /* Supporting Files */,
			);
			path = MOBAdvancedDynamicsDemoTests;
			sourceTree = "<group>";
		};
		E66D55B01830DBF70006CCC8 /* Supporting Files */ = {
			isa = PBXGroup;
			children = (
				E66D55B11830DBF70006CCC8 /* MOBAdvancedDynamicsDemoTests-Info.plist */,
				E66D55B21830DBF70006CCC8 /* InfoPlist.strings */,
			);
			name = "Supporting Files";
			sourceTree = "<group>";
		};
/* End PBXGroup section */

/* Begin PBXNativeTarget section */
		E66D55831830DBF70006CCC8 /* MOBAdvancedDynamicsDemo */ = {
			isa = PBXNativeTarget;
			buildConfigurationList = E66D55B91830DBF70006CCC8 /* Build configuration list for PBXNativeTarget "MOBAdvancedDynamicsDemo" */;
			buildPhases = (
				E66D55801830DBF70006CCC8 /* Sources */,
				E66D55811830DBF70006CCC8 /* Frameworks */,
				E66D55821830DBF70006CCC8 /* Resources */,
			);
			buildRules = (
			);
			dependencies = (
			);
			name = MOBAdvancedDynamicsDemo;
			productName = MOBAdvancedDynamicsDemo;
			productReference = E66D55841830DBF70006CCC8 /* MOBAdvancedDynamicsDemo.app */;
			productType = "com.apple.product-type.application";
		};
		E66D55A71830DBF70006CCC8 /* MOBAdvancedDynamicsDemoTests */ = {
			isa = PBXNativeTarget;
			buildConfigurationList = E66D55BC1830DBF70006CCC8 /* Build configuration list for PBXNativeTarget "MOBAdvancedDynamicsDemoTests" */;
			buildPhases = (
				E66D55A41830DBF70006CCC8 /* Sources */,
				E66D55A51830DBF70006CCC8 /* Frameworks */,
				E66D55A61830DBF70006CCC8 /* Resources */,
			);
			buildRules = (
			);
			dependencies = (
				E66D55AE1830DBF70006CCC8 /* PBXTargetDependency */,
			);
			name = MOBAdvancedDynamicsDemoTests;
			productName = MOBAdvancedDynamicsDemoTests;
			productReference = E66D55A81830DBF70006CCC8 /* MOBAdvancedDynamicsDemoTests.xctest */;
			productType = "com.apple.product-type.bundle.unit-test";
		};
/* End PBXNativeTarget section */

/* Begin PBXProject section */
		E66D557C1830DBF70006CCC8 /* Project object */ = {
			isa = PBXProject;
			attributes = {
				CLASSPREFIX = MOB;
				LastUpgradeCheck = 0500;
				ORGANIZATIONNAME = "Craig Stanford";
				TargetAttributes = {
					E66D55A71830DBF70006CCC8 = {
						TestTargetID = E66D55831830DBF70006CCC8;
					};
				};
			};
			buildConfigurationList = E66D557F1830DBF70006CCC8 /* Build configuration list for PBXProject "MOBAdvancedDynamicsDemo" */;
			compatibilityVersion = "Xcode 3.2";
			developmentRegion = English;
			hasScannedForEncodings = 0;
			knownRegions = (
				en,
				Base,
			);
			mainGroup = E66D557B1830DBF70006CCC8;
			productRefGroup = E66D55851830DBF70006CCC8 /* Products */;
			projectDirPath = "";
			projectRoot = "";
			targets = (
				E66D55831830DBF70006CCC8 /* MOBAdvancedDynamicsDemo */,
				E66D55A71830DBF70006CCC8 /* MOBAdvancedDynamicsDemoTests */,
			);
		};
/* End PBXProject section */

/* Begin PBXResourcesBuildPhase section */
		E66D55821830DBF70006CCC8 /* Resources */ = {
			isa = PBXResourcesBuildPhase;
			buildActionMask = 2147483647;
			files = (
				E66D55A31830DBF70006CCC8 /* Images.xcassets in Resources */,
				E66D559B1830DBF70006CCC8 /* Main_iPhone.storyboard in Resources */,
				E66D55921830DBF70006CCC8 /* InfoPlist.strings in Resources */,
			);
			runOnlyForDeploymentPostprocessing = 0;
		};
		E66D55A61830DBF70006CCC8 /* Resources */ = {
			isa = PBXResourcesBuildPhase;
			buildActionMask = 2147483647;
			files = (
				E66D55B41830DBF70006CCC8 /* InfoPlist.strings in Resources */,
			);
			runOnlyForDeploymentPostprocessing = 0;
		};
/* End PBXResourcesBuildPhase section */

/* Begin PBXSourcesBuildPhase section */
		E66D55801830DBF70006CCC8 /* Sources */ = {
			isa = PBXSourcesBuildPhase;
			buildActionMask = 2147483647;
			files = (
				E66D55941830DBF70006CCC8 /* main.m in Sources */,
				E66D55A11830DBF70006CCC8 /* MOBViewController.m in Sources */,
				E66D55981830DBF70006CCC8 /* MOBAppDelegate.m in Sources */,
				E66D55CB1830F0450006CCC8 /* MOBFallingItem.m in Sources */,
				E66D55C11830DE720006CCC8 /* MOBBouncyExpandViewController.m in Sources */,
			);
			runOnlyForDeploymentPostprocessing = 0;
		};
		E66D55A41830DBF70006CCC8 /* Sources */ = {
			isa = PBXSourcesBuildPhase;
			buildActionMask = 2147483647;
			files = (
				E66D55B61830DBF70006CCC8 /* MOBAdvancedDynamicsDemoTests.m in Sources */,
			);
			runOnlyForDeploymentPostprocessing = 0;
		};
/* End PBXSourcesBuildPhase section */

/* Begin PBXTargetDependency section */
		E66D55AE1830DBF70006CCC8 /* PBXTargetDependency */ = {
			isa = PBXTargetDependency;
			target = E66D55831830DBF70006CCC8 /* MOBAdvancedDynamicsDemo */;
			targetProxy = E66D55AD1830DBF70006CCC8 /* PBXContainerItemProxy */;
		};
/* End PBXTargetDependency section */

/* Begin PBXVariantGroup section */
		E66D55901830DBF70006CCC8 /* InfoPlist.strings */ = {
			isa = PBXVariantGroup;
			children = (
				E66D55911830DBF70006CCC8 /* en */,
			);
			name = InfoPlist.strings;
			sourceTree = "<group>";
		};
		E66D55991830DBF70006CCC8 /* Main_iPhone.storyboard */ = {
			isa = PBXVariantGroup;
			children = (
				E66D559A1830DBF70006CCC8 /* Base */,
			);
			name = Main_iPhone.storyboard;
			sourceTree = "<group>";
		};
		E66D55B21830DBF70006CCC8 /* InfoPlist.strings */ = {
			isa = PBXVariantGroup;
			children = (
				E66D55B31830DBF70006CCC8 /* en */,
			);
			name = InfoPlist.strings;
			sourceTree = "<group>";
		};
/* End PBXVariantGroup section */

/* Begin XCBuildConfiguration section */
		E66D55B71830DBF70006CCC8 /* Debug */ = {
			isa = XCBuildConfiguration;
			buildSettings = {
				ALWAYS_SEARCH_USER_PATHS = NO;
				ARCHS = "$(ARCHS_STANDARD_INCLUDING_64_BIT)";
				CLANG_CXX_LANGUAGE_STANDARD = "gnu++0x";
				CLANG_CXX_LIBRARY = "libc++";
				CLANG_ENABLE_MODULES = YES;
				CLANG_ENABLE_OBJC_ARC = YES;
				CLANG_WARN_BOOL_CONVERSION = YES;
				CLANG_WARN_CONSTANT_CONVERSION = YES;
				CLANG_WARN_DIRECT_OBJC_ISA_USAGE = YES_ERROR;
				CLANG_WARN_EMPTY_BODY = YES;
				CLANG_WARN_ENUM_CONVERSION = YES;
				CLANG_WARN_INT_CONVERSION = YES;
				CLANG_WARN_OBJC_ROOT_CLASS = YES_ERROR;
				CLANG_WARN__DUPLICATE_METHOD_MATCH = YES;
				"CODE_SIGN_IDENTITY[sdk=iphoneos*]" = "iPhone Developer";
				COPY_PHASE_STRIP = NO;
				GCC_C_LANGUAGE_STANDARD = gnu99;
				GCC_DYNAMIC_NO_PIC = NO;
				GCC_OPTIMIZATION_LEVEL = 0;
				GCC_PREPROCESSOR_DEFINITIONS = (
					"DEBUG=1",
					"$(inherited)",
				);
				GCC_SYMBOLS_PRIVATE_EXTERN = NO;
				GCC_WARN_64_TO_32_BIT_CONVERSION = YES;
				GCC_WARN_ABOUT_RETURN_TYPE = YES_ERROR;
				GCC_WARN_UNDECLARED_SELECTOR = YES;
				GCC_WARN_UNINITIALIZED_AUTOS = YES;
				GCC_WARN_UNUSED_FUNCTION = YES;
				GCC_WARN_UNUSED_VARIABLE = YES;
				IPHONEOS_DEPLOYMENT_TARGET = 7.0;
				ONLY_ACTIVE_ARCH = YES;
				SDKROOT = iphoneos;
				TARGETED_DEVICE_FAMILY = "1,2";
			};
			name = Debug;
		};
		E66D55B81830DBF70006CCC8 /* Release */ = {
			isa = XCBuildConfiguration;
			buildSettings = {
				ALWAYS_SEARCH_USER_PATHS = NO;
				ARCHS = "$(ARCHS_STANDARD_INCLUDING_64_BIT)";
				CLANG_CXX_LANGUAGE_STANDARD = "gnu++0x";
				CLANG_CXX_LIBRARY = "libc++";
				CLANG_ENABLE_MODULES = YES;
				CLANG_ENABLE_OBJC_ARC = YES;
				CLANG_WARN_BOOL_CONVERSION = YES;
				CLANG_WARN_CONSTANT_CONVERSION = YES;
				CLANG_WARN_DIRECT_OBJC_ISA_USAGE = YES_ERROR;
				CLANG_WARN_EMPTY_BODY = YES;
				CLANG_WARN_ENUM_CONVERSION = YES;
				CLANG_WARN_INT_CONVERSION = YES;
				CLANG_WARN_OBJC_ROOT_CLASS = YES_ERROR;
				CLANG_WARN__DUPLICATE_METHOD_MATCH = YES;
				"CODE_SIGN_IDENTITY[sdk=iphoneos*]" = "iPhone Developer";
				COPY_PHASE_STRIP = YES;
				ENABLE_NS_ASSERTIONS = NO;
				GCC_C_LANGUAGE_STANDARD = gnu99;
				GCC_WARN_64_TO_32_BIT_CONVERSION = YES;
				GCC_WARN_ABOUT_RETURN_TYPE = YES_ERROR;
				GCC_WARN_UNDECLARED_SELECTOR = YES;
				GCC_WARN_UNINITIALIZED_AUTOS = YES;
				GCC_WARN_UNUSED_FUNCTION = YES;
				GCC_WARN_UNUSED_VARIABLE = YES;
				IPHONEOS_DEPLOYMENT_TARGET = 7.0;
				SDKROOT = iphoneos;
				TARGETED_DEVICE_FAMILY = "1,2";
				VALIDATE_PRODUCT = YES;
			};
			name = Release;
		};
		E66D55BA1830DBF70006CCC8 /* Debug */ = {
			isa = XCBuildConfiguration;
			buildSettings = {
				ASSETCATALOG_COMPILER_APPICON_NAME = AppIcon;
				ASSETCATALOG_COMPILER_LAUNCHIMAGE_NAME = LaunchImage;
				GCC_PRECOMPILE_PREFIX_HEADER = YES;
				GCC_PREFIX_HEADER = "MOBAdvancedDynamicsDemo/MOBAdvancedDynamicsDemo-Prefix.pch";
				INFOPLIST_FILE = "MOBAdvancedDynamicsDemo/MOBAdvancedDynamicsDemo-Info.plist";
				PRODUCT_NAME = "$(TARGET_NAME)";
				TARGETED_DEVICE_FAMILY = 1;
				WRAPPER_EXTENSION = app;
			};
			name = Debug;
		};
		E66D55BB1830DBF70006CCC8 /* Release */ = {
			isa = XCBuildConfiguration;
			buildSettings = {
				ASSETCATALOG_COMPILER_APPICON_NAME = AppIcon;
				ASSETCATALOG_COMPILER_LAUNCHIMAGE_NAME = LaunchImage;
				GCC_PRECOMPILE_PREFIX_HEADER = YES;
				GCC_PREFIX_HEADER = "MOBAdvancedDynamicsDemo/MOBAdvancedDynamicsDemo-Prefix.pch";
				INFOPLIST_FILE = "MOBAdvancedDynamicsDemo/MOBAdvancedDynamicsDemo-Info.plist";
				PRODUCT_NAME = "$(TARGET_NAME)";
				TARGETED_DEVICE_FAMILY = 1;
				WRAPPER_EXTENSION = app;
			};
			name = Release;
		};
		E66D55BD1830DBF70006CCC8 /* Debug */ = {
			isa = XCBuildConfiguration;
			buildSettings = {
				ARCHS = "$(ARCHS_STANDARD_INCLUDING_64_BIT)";
				BUNDLE_LOADER = "$(BUILT_PRODUCTS_DIR)/MOBAdvancedDynamicsDemo.app/MOBAdvancedDynamicsDemo";
				FRAMEWORK_SEARCH_PATHS = (
					"$(SDKROOT)/Developer/Library/Frameworks",
					"$(inherited)",
					"$(DEVELOPER_FRAMEWORKS_DIR)",
				);
				GCC_PRECOMPILE_PREFIX_HEADER = YES;
				GCC_PREFIX_HEADER = "MOBAdvancedDynamicsDemo/MOBAdvancedDynamicsDemo-Prefix.pch";
				GCC_PREPROCESSOR_DEFINITIONS = (
					"DEBUG=1",
					"$(inherited)",
				);
				INFOPLIST_FILE = "MOBAdvancedDynamicsDemoTests/MOBAdvancedDynamicsDemoTests-Info.plist";
				PRODUCT_NAME = "$(TARGET_NAME)";
				TEST_HOST = "$(BUNDLE_LOADER)";
				WRAPPER_EXTENSION = xctest;
			};
			name = Debug;
		};
		E66D55BE1830DBF70006CCC8 /* Release */ = {
			isa = XCBuildConfiguration;
			buildSettings = {
				ARCHS = "$(ARCHS_STANDARD_INCLUDING_64_BIT)";
				BUNDLE_LOADER = "$(BUILT_PRODUCTS_DIR)/MOBAdvancedDynamicsDemo.app/MOBAdvancedDynamicsDemo";
				FRAMEWORK_SEARCH_PATHS = (
					"$(SDKROOT)/Developer/Library/Frameworks",
					"$(inherited)",
					"$(DEVELOPER_FRAMEWORKS_DIR)",
				);
				GCC_PRECOMPILE_PREFIX_HEADER = YES;
				GCC_PREFIX_HEADER = "MOBAdvancedDynamicsDemo/MOBAdvancedDynamicsDemo-Prefix.pch";
				INFOPLIST_FILE = "MOBAdvancedDynamicsDemoTests/MOBAdvancedDynamicsDemoTests-Info.plist";
				PRODUCT_NAME = "$(TARGET_NAME)";
				TEST_HOST = "$(BUNDLE_LOADER)";
				WRAPPER_EXTENSION = xctest;
			};
			name = Release;
		};
/* End XCBuildConfiguration section */

/* Begin XCConfigurationList section */
		E66D557F1830DBF70006CCC8 /* Build configuration list for PBXProject "MOBAdvancedDynamicsDemo" */ = {
			isa = XCConfigurationList;
			buildConfigurations = (
				E66D55B71830DBF70006CCC8 /* Debug */,
				E66D55B81830DBF70006CCC8 /* Release */,
			);
			defaultConfigurationIsVisible = 0;
			defaultConfigurationName = Release;
		};
		E66D55B91830DBF70006CCC8 /* Build configuration list for PBXNativeTarget "MOBAdvancedDynamicsDemo" */ = {
			isa = XCConfigurationList;
			buildConfigurations = (
				E66D55BA1830DBF70006CCC8 /* Debug */,
				E66D55BB1830DBF70006CCC8 /* Release */,
			);
			defaultConfigurationIsVisible = 0;
			defaultConfigurationName = Release;
		};
		E66D55BC1830DBF70006CCC8 /* Build configuration list for PBXNativeTarget "MOBAdvancedDynamicsDemoTests" */ = {
			isa = XCConfigurationList;
			buildConfigurations = (
				E66D55BD1830DBF70006CCC8 /* Debug */,
				E66D55BE1830DBF70006CCC8 /* Release */,
			);
			defaultConfigurationIsVisible = 0;
			defaultConfigurationName = Release;
		};
/* End XCConfigurationList section */
	};
	rootObject = E66D557C1830DBF70006CCC8 /* Project object */;
}
